
Microsoft Visual Studio Solution File, Format Version 12.00
# Visual Studio 15
VisualStudioVersion = 15.0.26124.0
MinimumVisualStudioVersion = 15.0.26124.0
Project("{FAE04EC0-301F-11D3-BF4B-00C04F79EFBC}") = "GameTOP", "GameTOP\GameTOP.csproj", "{1B983BDA-55AF-40E3-BCE1-A6048FB2A764}"
EndProject
Project("{FAE04EC0-301F-11D3-BF4B-00C04F79EFBC}") = "GameTOP.Lib", "GameTOP.Lib\GameTOP.Lib.csproj", "{9EA7F6C3-176B-4FDB-9299-A62C0C4095C5}"
EndProject
Project("{FAE04EC0-301F-11D3-BF4B-00C04F79EFBC}") = "GameTOP.Interface", "GameTOP.Interface\GameTOP.Interface.csproj", "{2045A70C-EC99-48C6-921F-7390487EE23F}"
EndProject
Global
	GlobalSection(SolutionConfigurationPlatforms) = preSolution
		Debug|Any CPU = Debug|Any CPU
		Debug|x64 = Debug|x64
		Debug|x86 = Debug|x86
		Release|Any CPU = Release|Any CPU
		Release|x64 = Release|x64
		Release|x86 = Release|x86
	EndGlobalSection
	GlobalSection(SolutionProperties) = preSolution
		HideSolutionNode = FALSE
	EndGlobalSection
	GlobalSection(ProjectConfigurationPlatforms) = postSolution
		{1B983BDA-55AF-40E3-BCE1-A6048FB2A764}.Debug|Any CPU.ActiveCfg = Debug|Any CPU
		{1B983BDA-55AF-40E3-BCE1-A6048FB2A764}.Debug|Any CPU.Build.0 = Debug|Any CPU
		{1B983BDA-55AF-40E3-BCE1-A6048FB2A764}.Debug|x64.ActiveCfg = Debug|Any CPU
		{1B983BDA-55AF-40E3-BCE1-A6048FB2A764}.Debug|x64.Build.0 = Debug|Any CPU
		{1B983BDA-55AF-40E3-BCE1-A6048FB2A764}.Debug|x86.ActiveCfg = Debug|Any CPU
		{1B983BDA-55AF-40E3-BCE1-A6048FB2A764}.Debug|x86.Build.0 = Debug|Any CPU
		{1B983BDA-55AF-40E3-BCE1-A6048FB2A764}.Release|Any CPU.ActiveCfg = Release|Any CPU
		{1B983BDA-55AF-40E3-BCE1-A6048FB2A764}.Release|Any CPU.Build.0 = Release|Any CPU
		{1B983BDA-55AF-40E3-BCE1-A6048FB2A764}.Release|x64.ActiveCfg = Release|Any CPU
		{1B983BDA-55AF-40E3-BCE1-A6048FB2A764}.Release|x64.Build.0 = Release|Any CPU
		{1B983BDA-55AF-40E3-BCE1-A6048FB2A764}.Release|x86.ActiveCfg = Release|Any CPU
		{1B983BDA-55AF-40E3-BCE1-A6048FB2A764}.Release|x86.Build.0 = Release|Any CPU
		{9EA7F6C3-176B-4FDB-9299-A62C0C4095C5}.Debug|Any CPU.ActiveCfg = Debug|Any CPU
		{9EA7F6C3-176B-4FDB-9299-A62C0C4095C5}.Debug|Any CPU.Build.0 = Debug|Any CPU
		{9EA7F6C3-176B-4FDB-9299-A62C0C4095C5}.Debug|x64.ActiveCfg = Debug|Any CPU
		{9EA7F6C3-176B-4FDB-9299-A62C0C4095C5}.Debug|x64.Build.0 = Debug|Any CPU
		{9EA7F6C3-176B-4FDB-9299-A62C0C4095C5}.Debug|x86.ActiveCfg = Debug|Any CPU
		{9EA7F6C3-176B-4FDB-9299-A62C0C4095C5}.Debug|x86.Build.0 = Debug|Any CPU
		{9EA7F6C3-176B-4FDB-9299-A62C0C4095C5}.Release|Any CPU.ActiveCfg = Release|Any CPU
		{9EA7F6C3-176B-4FDB-9299-A62C0C4095C5}.Release|Any CPU.Build.0 = Release|Any CPU
		{9EA7F6C3-176B-4FDB-9299-A62C0C4095C5}.Release|x64.ActiveCfg = Release|Any CPU
		{9EA7F6C3-176B-4FDB-9299-A62C0C4095C5}.Release|x64.Build.0 = Release|Any CPU
		{9EA7F6C3-176B-4FDB-9299-A62C0C4095C5}.Release|x86.ActiveCfg = Release|Any CPU
		{9EA7F6C3-176B-4FDB-9299-A62C0C4095C5}.Release|x86.Build.0 = Release|Any CPU
		{2045A70C-EC99-48C6-921F-7390487EE23F}.Debug|Any CPU.ActiveCfg = Debug|Any CPU
		{2045A70C-EC99-48C6-921F-7390487EE23F}.Debug|Any CPU.Build.0 = Debug|Any CPU
		{2045A70C-EC99-48C6-921F-7390487EE23F}.Debug|x64.ActiveCfg = Debug|Any CPU
		{2045A70C-EC99-48C6-921F-7390487EE23F}.Debug|x64.Build.0 = Debug|Any CPU
		{2045A70C-EC99-48C6-921F-7390487EE23F}.Debug|x86.ActiveCfg = Debug|Any CPU
		{2045A70C-EC99-48C6-921F-7390487EE23F}.Debug|x86.Build.0 = Debug|Any CPU
		{2045A70C-EC99-48C6-921F-7390487EE23F}.Release|Any CPU.ActiveCfg = Release|Any CPU
		{2045A70C-EC99-48C6-921F-7390487EE23F}.Release|Any CPU.Build.0 = Release|Any CPU
		{2045A70C-EC99-48C6-921F-7390487EE23F}.Release|x64.ActiveCfg = Release|Any CPU
		{2045A70C-EC99-48C6-921F-7390487EE23F}.Release|x64.Build.0 = Release|Any CPU
		{2045A70C-EC99-48C6-921F-7390487EE23F}.Release|x86.ActiveCfg = Release|Any CPU
		{2045A70C-EC99-48C6-921F-7390487EE23F}.Release|x86.Build.0 = Release|Any CPU
	EndGlobalSection
EndGlobal
